
Microsoft Visual Studio Solution File, Format Version 12.00
# Visual Studio 15
VisualStudioVersion = 15.0.27130.2036
MinimumVisualStudioVersion = 10.0.40219.1
Project("{9A19103F-16F7-4668-BE54-9A1E7A4F7556}") = "Vlc.DotNet.Core.Interops", "Vlc.DotNet.Core.Interops\Vlc.DotNet.Core.Interops.csproj", "{DCF701C3-6635-4B9F-A90F-5D71B5BCE0C7}"
EndProject
Project("{9A19103F-16F7-4668-BE54-9A1E7A4F7556}") = "Vlc.DotNet.Core", "Vlc.DotNet.Core\Vlc.DotNet.Core.csproj", "{77E6622A-CE25-4571-A913-9C647F63477B}"
EndProject
Project("{9A19103F-16F7-4668-BE54-9A1E7A4F7556}") = "Vlc.DotNet.Forms", "Vlc.DotNet.Forms\Vlc.DotNet.Forms.csproj", "{04DE974C-BB77-45B3-889C-03640CFFB91C}"
EndProject
Project("{9A19103F-16F7-4668-BE54-9A1E7A4F7556}") = "Vlc.DotNet.Wpf", "Vlc.DotNet.Wpf\Vlc.DotNet.Wpf.csproj", "{9A066A54-318B-45C8-B3A3-2292D9DF4A33}"
EndProject
Project("{2150E333-8FDC-42A3-9474-1A3956D46DE8}") = "Solution Items", "Solution Items", "{F4615FDA-A392-4C7C-BF50-73910E7D4052}"
	ProjectSection(SolutionItems) = preProject
		Vlc.DotNet.props = Vlc.DotNet.props
	EndProjectSection
EndProject
Project("{2150E333-8FDC-42A3-9474-1A3956D46DE8}") = "Samples", "Samples", "{44AE198F-A3F8-45F9-85CF-605858D6BD59}"
EndProject
Project("{FAE04EC0-301F-11D3-BF4B-00C04F79EFBC}") = "Samples.WinForms.Minimal", "Samples\Samples.WinForms.Minimal\Samples.WinForms.Minimal.csproj", "{8E937D3E-73B4-4685-B3B5-694F06AD3792}"
EndProject
Project("{FAE04EC0-301F-11D3-BF4B-00C04F79EFBC}") = "Samples.WinForms.Advanced", "Samples\Samples.WinForms.Advanced\Samples.WinForms.Advanced.csproj", "{61DAC6B7-E6EC-426E-86BA-6B625EF4613D}"
EndProject
Project("{FAE04EC0-301F-11D3-BF4B-00C04F79EFBC}") = "Samples.Wpf.Minimal", "Samples\Samples.Wpf.Minimal\Samples.Wpf.Minimal.csproj", "{E0B66553-337D-4765-B868-224B0BA3CE76}"
EndProject
Project("{FAE04EC0-301F-11D3-BF4B-00C04F79EFBC}") = "Samples.Wpf.Minimal.UsingWinForms", "Samples\Samples.Wpf.Minimal.UsingWinForms\Samples.Wpf.Minimal.UsingWinForms.csproj", "{329055BF-B696-429F-9970-997689A95391}"
EndProject
Project("{FAE04EC0-301F-11D3-BF4B-00C04F79EFBC}") = "Samples.Wpf.Advanced", "Samples\Samples.Wpf.Advanced\Samples.Wpf.Advanced.csproj", "{B964BF4A-7A77-415F-A9A7-7107EA4C60B3}"
EndProject
Project("{FAE04EC0-301F-11D3-BF4B-00C04F79EFBC}") = "Samples.Wpf.Image", "Samples\Samples.Wpf.Image\Samples.Wpf.Image.csproj", "{D34CD9AE-6DE3-4F14-BB10-71FA31DD1E25}"
EndProject
Project("{FAE04EC0-301F-11D3-BF4B-00C04F79EFBC}") = "Samples.Wpf.Dialogs", "Samples\Samples.Wpf.Dialogs\Samples.Wpf.Dialogs.csproj", "{BB789E9A-E851-4684-9D29-8744E9C95086}"
EndProject
Project("{9A19103F-16F7-4668-BE54-9A1E7A4F7556}") = "Samples.Core.Streaming", "Samples\Samples.Core.Streaming\Samples.Core.Streaming.csproj", "{CC3F5F5D-A74F-4DE4-86AC-07AF9C0B3B87}"
EndProject
Project("{9A19103F-16F7-4668-BE54-9A1E7A4F7556}") = "Samples.Core.Recording", "Samples\Samples.Core.Recording\Samples.Core.Recording.csproj", "{58B6FEE5-E2F8-4895-9147-00407C89F58E}"
EndProject
Project("{9A19103F-16F7-4668-BE54-9A1E7A4F7556}") = "Samples.Core.Thumbnailer", "Samples\Samples.Core.Thumbnailer\Samples.Core.Thumbnailer.csproj", "{FAAE9D11-0762-43AF-91AD-DC28F275D1E6}"
EndProject
Project("{FAE04EC0-301F-11D3-BF4B-00C04F79EFBC}") = "Samples.WinForms.MultiplePlayers", "Samples\Samples.WinForms.MultiplePlayers\Samples.WinForms.MultiplePlayers.csproj", "{7EA1C3C5-72EA-4721-BD78-4FACBED5920C}"
EndProject
Global
	GlobalSection(SolutionConfigurationPlatforms) = preSolution
		Debug|AnyCPU = Debug|AnyCPU
		Release|AnyCPU = Release|AnyCPU
	EndGlobalSection
	GlobalSection(ProjectConfigurationPlatforms) = postSolution
		{DCF701C3-6635-4B9F-A90F-5D71B5BCE0C7}.Debug|AnyCPU.ActiveCfg = Debug|Any CPU
		{DCF701C3-6635-4B9F-A90F-5D71B5BCE0C7}.Debug|AnyCPU.Build.0 = Debug|Any CPU
		{DCF701C3-6635-4B9F-A90F-5D71B5BCE0C7}.Release|AnyCPU.ActiveCfg = Release|Any CPU
		{DCF701C3-6635-4B9F-A90F-5D71B5BCE0C7}.Release|AnyCPU.Build.0 = Release|Any CPU
		{77E6622A-CE25-4571-A913-9C647F63477B}.Debug|AnyCPU.ActiveCfg = Debug|Any CPU
		{77E6622A-CE25-4571-A913-9C647F63477B}.Debug|AnyCPU.Build.0 = Debug|Any CPU
		{77E6622A-CE25-4571-A913-9C647F63477B}.Release|AnyCPU.ActiveCfg = Release|Any CPU
		{77E6622A-CE25-4571-A913-9C647F63477B}.Release|AnyCPU.Build.0 = Release|Any CPU
		{04DE974C-BB77-45B3-889C-03640CFFB91C}.Debug|AnyCPU.ActiveCfg = Debug|Any CPU
		{04DE974C-BB77-45B3-889C-03640CFFB91C}.Debug|AnyCPU.Build.0 = Debug|Any CPU
		{04DE974C-BB77-45B3-889C-03640CFFB91C}.Release|AnyCPU.ActiveCfg = Release|Any CPU
		{04DE974C-BB77-45B3-889C-03640CFFB91C}.Release|AnyCPU.Build.0 = Release|Any CPU
		{9A066A54-318B-45C8-B3A3-2292D9DF4A33}.Debug|AnyCPU.ActiveCfg = Debug|Any CPU
		{9A066A54-318B-45C8-B3A3-2292D9DF4A33}.Debug|AnyCPU.Build.0 = Debug|Any CPU
		{9A066A54-318B-45C8-B3A3-2292D9DF4A33}.Release|AnyCPU.ActiveCfg = Release|Any CPU
		{9A066A54-318B-45C8-B3A3-2292D9DF4A33}.Release|AnyCPU.Build.0 = Release|Any CPU
		{8E937D3E-73B4-4685-B3B5-694F06AD3792}.Debug|AnyCPU.ActiveCfg = Debug|Any CPU
		{8E937D3E-73B4-4685-B3B5-694F06AD3792}.Debug|AnyCPU.Build.0 = Debug|Any CPU
		{8E937D3E-73B4-4685-B3B5-694F06AD3792}.Release|AnyCPU.ActiveCfg = Release|Any CPU
		{8E937D3E-73B4-4685-B3B5-694F06AD3792}.Release|AnyCPU.Build.0 = Release|Any CPU
		{61DAC6B7-E6EC-426E-86BA-6B625EF4613D}.Debug|AnyCPU.ActiveCfg = Debug|Any CPU
		{61DAC6B7-E6EC-426E-86BA-6B625EF4613D}.Debug|AnyCPU.Build.0 = Debug|Any CPU
		{61DAC6B7-E6EC-426E-86BA-6B625EF4613D}.Release|AnyCPU.ActiveCfg = Release|Any CPU
		{61DAC6B7-E6EC-426E-86BA-6B625EF4613D}.Release|AnyCPU.Build.0 = Release|Any CPU
		{E0B66553-337D-4765-B868-224B0BA3CE76}.Debug|AnyCPU.ActiveCfg = Debug|Any CPU
		{E0B66553-337D-4765-B868-224B0BA3CE76}.Debug|AnyCPU.Build.0 = Debug|Any CPU
		{E0B66553-337D-4765-B868-224B0BA3CE76}.Release|AnyCPU.ActiveCfg = Release|Any CPU
		{E0B66553-337D-4765-B868-224B0BA3CE76}.Release|AnyCPU.Build.0 = Release|Any CPU
		{329055BF-B696-429F-9970-997689A95391}.Debug|AnyCPU.ActiveCfg = Debug|Any CPU
		{329055BF-B696-429F-9970-997689A95391}.Debug|AnyCPU.Build.0 = Debug|Any CPU
		{329055BF-B696-429F-9970-997689A95391}.Release|AnyCPU.ActiveCfg = Release|Any CPU
		{329055BF-B696-429F-9970-997689A95391}.Release|AnyCPU.Build.0 = Release|Any CPU
		{B964BF4A-7A77-415F-A9A7-7107EA4C60B3}.Debug|AnyCPU.ActiveCfg = Debug|Any CPU
		{B964BF4A-7A77-415F-A9A7-7107EA4C60B3}.Debug|AnyCPU.Build.0 = Debug|Any CPU
		{B964BF4A-7A77-415F-A9A7-7107EA4C60B3}.Release|AnyCPU.ActiveCfg = Release|Any CPU
		{B964BF4A-7A77-415F-A9A7-7107EA4C60B3}.Release|AnyCPU.Build.0 = Release|Any CPU
		{D34CD9AE-6DE3-4F14-BB10-71FA31DD1E25}.Debug|AnyCPU.ActiveCfg = Debug|Any CPU
		{D34CD9AE-6DE3-4F14-BB10-71FA31DD1E25}.Debug|AnyCPU.Build.0 = Debug|Any CPU
		{D34CD9AE-6DE3-4F14-BB10-71FA31DD1E25}.Release|AnyCPU.ActiveCfg = Release|Any CPU
		{D34CD9AE-6DE3-4F14-BB10-71FA31DD1E25}.Release|AnyCPU.Build.0 = Release|Any CPU
		{BB789E9A-E851-4684-9D29-8744E9C95086}.Debug|AnyCPU.ActiveCfg = Debug|Any CPU
		{BB789E9A-E851-4684-9D29-8744E9C95086}.Debug|AnyCPU.Build.0 = Debug|Any CPU
		{BB789E9A-E851-4684-9D29-8744E9C95086}.Release|AnyCPU.ActiveCfg = Release|Any CPU
		{BB789E9A-E851-4684-9D29-8744E9C95086}.Release|AnyCPU.Build.0 = Release|Any CPU
		{CC3F5F5D-A74F-4DE4-86AC-07AF9C0B3B87}.Debug|AnyCPU.ActiveCfg = Debug|Any CPU
		{CC3F5F5D-A74F-4DE4-86AC-07AF9C0B3B87}.Debug|AnyCPU.Build.0 = Debug|Any CPU
		{CC3F5F5D-A74F-4DE4-86AC-07AF9C0B3B87}.Release|AnyCPU.ActiveCfg = Release|Any CPU
		{CC3F5F5D-A74F-4DE4-86AC-07AF9C0B3B87}.Release|AnyCPU.Build.0 = Release|Any CPU
		{58B6FEE5-E2F8-4895-9147-00407C89F58E}.Debug|AnyCPU.ActiveCfg = Debug|Any CPU
		{58B6FEE5-E2F8-4895-9147-00407C89F58E}.Debug|AnyCPU.Build.0 = Debug|Any CPU
		{58B6FEE5-E2F8-4895-9147-00407C89F58E}.Release|AnyCPU.ActiveCfg = Release|Any CPU
		{58B6FEE5-E2F8-4895-9147-00407C89F58E}.Release|AnyCPU.Build.0 = Release|Any CPU
		{FAAE9D11-0762-43AF-91AD-DC28F275D1E6}.Debug|AnyCPU.ActiveCfg = Debug|Any CPU
		{FAAE9D11-0762-43AF-91AD-DC28F275D1E6}.Debug|AnyCPU.Build.0 = Debug|Any CPU
		{FAAE9D11-0762-43AF-91AD-DC28F275D1E6}.Release|AnyCPU.ActiveCfg = Release|Any CPU
		{FAAE9D11-0762-43AF-91AD-DC28F275D1E6}.Release|AnyCPU.Build.0 = Release|Any CPU
		{7EA1C3C5-72EA-4721-BD78-4FACBED5920C}.Debug|AnyCPU.ActiveCfg = Debug|Any CPU
		{7EA1C3C5-72EA-4721-BD78-4FACBED5920C}.Debug|AnyCPU.Build.0 = Debug|Any CPU
		{7EA1C3C5-72EA-4721-BD78-4FACBED5920C}.Release|AnyCPU.ActiveCfg = Release|Any CPU
		{7EA1C3C5-72EA-4721-BD78-4FACBED5920C}.Release|AnyCPU.Build.0 = Release|Any CPU
	EndGlobalSection
	GlobalSection(SolutionProperties) = preSolution
		HideSolutionNode = FALSE
	EndGlobalSection
	GlobalSection(NestedProjects) = preSolution
		{8E937D3E-73B4-4685-B3B5-694F06AD3792} = {44AE198F-A3F8-45F9-85CF-605858D6BD59}
		{61DAC6B7-E6EC-426E-86BA-6B625EF4613D} = {44AE198F-A3F8-45F9-85CF-605858D6BD59}
		{E0B66553-337D-4765-B868-224B0BA3CE76} = {44AE198F-A3F8-45F9-85CF-605858D6BD59}
		{329055BF-B696-429F-9970-997689A95391} = {44AE198F-A3F8-45F9-85CF-605858D6BD59}
		{B964BF4A-7A77-415F-A9A7-7107EA4C60B3} = {44AE198F-A3F8-45F9-85CF-605858D6BD59}
		{D34CD9AE-6DE3-4F14-BB10-71FA31DD1E25} = {44AE198F-A3F8-45F9-85CF-605858D6BD59}
		{BB789E9A-E851-4684-9D29-8744E9C95086} = {44AE198F-A3F8-45F9-85CF-605858D6BD59}
		{CC3F5F5D-A74F-4DE4-86AC-07AF9C0B3B87} = {44AE198F-A3F8-45F9-85CF-605858D6BD59}
		{58B6FEE5-E2F8-4895-9147-00407C89F58E} = {44AE198F-A3F8-45F9-85CF-605858D6BD59}
		{FAAE9D11-0762-43AF-91AD-DC28F275D1E6} = {44AE198F-A3F8-45F9-85CF-605858D6BD59}
		{7EA1C3C5-72EA-4721-BD78-4FACBED5920C} = {44AE198F-A3F8-45F9-85CF-605858D6BD59}
	EndGlobalSection
	GlobalSection(ExtensibilityGlobals) = postSolution
		SolutionGuid = {8200848B-5F8D-4A79-B989-3A667BE003E0}
	EndGlobalSection
EndGlobal
