
Microsoft Visual Studio Solution File, Format Version 12.00
# Visual Studio 14
VisualStudioVersion = 14.0.22512.0
MinimumVisualStudioVersion = 10.0.40219.1
Project("{FAE04EC0-301F-11D3-BF4B-00C04F79EFBC}") = "Vlc.DotNet.Core.Interops - CLR 2 - .Net 2.0", "Vlc.DotNet.Core.Interops\Vlc.DotNet.Core.Interops - CLR 2 - .Net 2.0.csproj", "{B732133C-22F8-4033-A4D9-72BF69A2DBCB}"
EndProject
Project("{2150E333-8FDC-42A3-9474-1A3956D46DE8}") = ".Net 2.0", ".Net 2.0", "{759737B6-C443-4DC5-A7E3-82C260E2308C}"
EndProject
Project("{2150E333-8FDC-42A3-9474-1A3956D46DE8}") = ".Net 3.5", ".Net 3.5", "{6481A456-A512-40C6-B7F5-3D65AB17DC73}"
EndProject
Project("{FAE04EC0-301F-11D3-BF4B-00C04F79EFBC}") = "Vlc.DotNet.Core.Interops - CLR 2 - .Net 3.5", "Vlc.DotNet.Core.Interops\Vlc.DotNet.Core.Interops - CLR 2 - .Net 3.5.csproj", "{721245BC-9A7D-48E0-A8BF-580D2661D5FA}"
EndProject
Project("{2150E333-8FDC-42A3-9474-1A3956D46DE8}") = ".Net 4.0", ".Net 4.0", "{1B622F38-CCE6-4E75-A763-D6DB1E272898}"
EndProject
Project("{FAE04EC0-301F-11D3-BF4B-00C04F79EFBC}") = "Vlc.DotNet.Core.Interops - CLR 4 - .Net 4.0", "Vlc.DotNet.Core.Interops\Vlc.DotNet.Core.Interops - CLR 4 - .Net 4.0.csproj", "{7D7F91B9-688C-40CD-AAEF-EEBCE28BDC23}"
EndProject
Project("{2150E333-8FDC-42A3-9474-1A3956D46DE8}") = ".Net 4.5", ".Net 4.5", "{9D60106C-AA11-4B59-8701-8A11F77C7318}"
EndProject
Project("{FAE04EC0-301F-11D3-BF4B-00C04F79EFBC}") = "Vlc.DotNet.Core.Interops - CLR 4 - .Net 4.5", "Vlc.DotNet.Core.Interops\Vlc.DotNet.Core.Interops - CLR 4 - .Net 4.5.csproj", "{47E251AE-A5EE-4526-BDC1-3C008936E80A}"
EndProject
Project("{FAE04EC0-301F-11D3-BF4B-00C04F79EFBC}") = "Vlc.DotNet.Core - CLR 2 - .Net 2.0", "Vlc.DotNet.Core\Vlc.DotNet.Core - CLR 2 - .Net 2.0.csproj", "{AB44B619-0068-4DEE-BEDE-11F43E0A8960}"
EndProject
Project("{FAE04EC0-301F-11D3-BF4B-00C04F79EFBC}") = "Vlc.DotNet.Core - CLR 2 - .Net 3.5", "Vlc.DotNet.Core\Vlc.DotNet.Core - CLR 2 - .Net 3.5.csproj", "{3DC694F8-EE9E-4780-9EE8-A84941002609}"
EndProject
Project("{FAE04EC0-301F-11D3-BF4B-00C04F79EFBC}") = "Vlc.DotNet.Core - CLR 4 - .Net 4.0", "Vlc.DotNet.Core\Vlc.DotNet.Core - CLR 4 - .Net 4.0.csproj", "{6EA5D03E-BDE3-4F4D-B761-F0F380ECC078}"
EndProject
Project("{FAE04EC0-301F-11D3-BF4B-00C04F79EFBC}") = "Vlc.DotNet.Core - CLR 4 - .Net 4.5", "Vlc.DotNet.Core\Vlc.DotNet.Core - CLR 4 - .Net 4.5.csproj", "{24860783-A729-4A14-98C0-9A34BF138BDB}"
EndProject
Project("{FAE04EC0-301F-11D3-BF4B-00C04F79EFBC}") = "Vlc.DotNet.Forms - CLR 2 - .Net 2.0", "Vlc.DotNet.Forms\Vlc.DotNet.Forms - CLR 2 - .Net 2.0.csproj", "{F3767F23-ABC5-4A79-A077-193B0CB68947}"
EndProject
Project("{FAE04EC0-301F-11D3-BF4B-00C04F79EFBC}") = "Vlc.DotNet.Forms - CLR 2 - .Net 3.5", "Vlc.DotNet.Forms\Vlc.DotNet.Forms - CLR 2 - .Net 3.5.csproj", "{6C003397-DCCF-43CF-B82D-7B50D4AD70FB}"
EndProject
Project("{FAE04EC0-301F-11D3-BF4B-00C04F79EFBC}") = "Vlc.DotNet.Forms - CLR 4 - .Net 4.0", "Vlc.DotNet.Forms\Vlc.DotNet.Forms - CLR 4 - .Net 4.0.csproj", "{9A7D0EE6-B032-4DAA-8CA4-B1FF43C734D3}"
EndProject
Project("{FAE04EC0-301F-11D3-BF4B-00C04F79EFBC}") = "Vlc.DotNet.Forms - CLR 4 - .Net 4.5", "Vlc.DotNet.Forms\Vlc.DotNet.Forms - CLR 4 - .Net 4.5.csproj", "{914DE831-4DFA-44F6-96C1-27CF3B89A2CD}"
EndProject
Project("{FAE04EC0-301F-11D3-BF4B-00C04F79EFBC}") = "Vlc.DotNet.Wpf - CLR 2 - .Net 3.5", "Vlc.DotNet.Wpf\Vlc.DotNet.Wpf - CLR 2 - .Net 3.5.csproj", "{2D43636B-0461-48A7-A2FF-318CA7F312C2}"
EndProject
Project("{FAE04EC0-301F-11D3-BF4B-00C04F79EFBC}") = "Vlc.DotNet.Wpf - CLR 4 - .Net 4.0", "Vlc.DotNet.Wpf\Vlc.DotNet.Wpf - CLR 4 - .Net 4.0.csproj", "{495016FA-E339-4A45-9812-5C0F1DAE7143}"
EndProject
Project("{FAE04EC0-301F-11D3-BF4B-00C04F79EFBC}") = "Vlc.DotNet.Wpf - CLR 4 - .Net 4.5", "Vlc.DotNet.Wpf\Vlc.DotNet.Wpf - CLR 4 - .Net 4.5.csproj", "{B1725E81-AAC1-42FC-836D-E0A7CFEBB1E7}"
EndProject
Project("{2150E333-8FDC-42A3-9474-1A3956D46DE8}") = "Samples", "Samples", "{D0DC7E23-DBCC-4168-8659-3E6C338ABCD8}"
EndProject
Project("{FAE04EC0-301F-11D3-BF4B-00C04F79EFBC}") = "Vlc.DotNet.Forms.Samples - CLR 2 - .Net 3.5", "Samples\Vlc.DotNet.Forms.Samples\Vlc.DotNet.Forms.Samples - CLR 2 - .Net 3.5.csproj", "{14C82D03-0E76-403A-B8E8-1A1F4C232158}"
EndProject
Project("{2150E333-8FDC-42A3-9474-1A3956D46DE8}") = "Samples", "Samples", "{F7A5F888-F2C1-4D08-8AAE-2247B7BD1FD6}"
EndProject
Project("{2150E333-8FDC-42A3-9474-1A3956D46DE8}") = "Samples", "Samples", "{CD4405D4-08D2-4B0F-B7A5-D0A749B36FDB}"
EndProject
Project("{2150E333-8FDC-42A3-9474-1A3956D46DE8}") = "Samples", "Samples", "{9D849C82-BADB-4935-9FDB-695CF4C819BB}"
EndProject
Project("{FAE04EC0-301F-11D3-BF4B-00C04F79EFBC}") = "Vlc.DotNet.Forms.Samples - CLR 2 - .Net 2.0", "Samples\Vlc.DotNet.Forms.Samples\Vlc.DotNet.Forms.Samples - CLR 2 - .Net 2.0.csproj", "{768AE8ED-FA2A-413B-BB63-0934DA0750C7}"
EndProject
Project("{FAE04EC0-301F-11D3-BF4B-00C04F79EFBC}") = "Vlc.DotNet.Forms.Samples - CLR 4 - .Net 4.0", "Samples\Vlc.DotNet.Forms.Samples\Vlc.DotNet.Forms.Samples - CLR 4 - .Net 4.0.csproj", "{3AEC3660-DB63-4B15-B5AB-510DF38D05A9}"
EndProject
Project("{FAE04EC0-301F-11D3-BF4B-00C04F79EFBC}") = "Vlc.DotNet.Forms.Samples - CLR 4 - .Net 4.5", "Samples\Vlc.DotNet.Forms.Samples\Vlc.DotNet.Forms.Samples - CLR 4 - .Net 4.5.csproj", "{A0E3E165-908F-4848-81DE-9CD1FCC05013}"
EndProject
Project("{FAE04EC0-301F-11D3-BF4B-00C04F79EFBC}") = "Vlc.DotNet.Wpf.Samples - CLR 2 - .Net 3.5", "Samples\Vlc.DotNet.Wpf.Samples\Vlc.DotNet.Wpf.Samples - CLR 2 - .Net 3.5.csproj", "{E5C3F8BF-4CAD-4805-A968-A0B030F6833D}"
EndProject
Project("{FAE04EC0-301F-11D3-BF4B-00C04F79EFBC}") = "Vlc.DotNet.Wpf.Samples - CLR 4 - .Net 4.0", "Samples\Vlc.DotNet.Wpf.Samples\Vlc.DotNet.Wpf.Samples - CLR 4 - .Net 4.0.csproj", "{0982FEC0-D7E3-4881-B44D-8FFF2AEBFAB7}"
EndProject
Project("{FAE04EC0-301F-11D3-BF4B-00C04F79EFBC}") = "Vlc.DotNet.Wpf.Samples - CLR 4 - .Net 4.5", "Samples\Vlc.DotNet.Wpf.Samples\Vlc.DotNet.Wpf.Samples - CLR 4 - .Net 4.5.csproj", "{A9D84192-A212-4EF1-BD69-39649E587A6F}"
EndProject
Global
	GlobalSection(SolutionConfigurationPlatforms) = preSolution
		Debug|x64 = Debug|x64
		Debug|x86 = Debug|x86
		Release|x64 = Release|x64
		Release|x86 = Release|x86
	EndGlobalSection
	GlobalSection(ProjectConfigurationPlatforms) = postSolution
		{B732133C-22F8-4033-A4D9-72BF69A2DBCB}.Debug|x64.ActiveCfg = Debug|x64
		{B732133C-22F8-4033-A4D9-72BF69A2DBCB}.Debug|x64.Build.0 = Debug|x64
		{B732133C-22F8-4033-A4D9-72BF69A2DBCB}.Debug|x86.ActiveCfg = Debug|x86
		{B732133C-22F8-4033-A4D9-72BF69A2DBCB}.Debug|x86.Build.0 = Debug|x86
		{B732133C-22F8-4033-A4D9-72BF69A2DBCB}.Release|x64.ActiveCfg = Release|x64
		{B732133C-22F8-4033-A4D9-72BF69A2DBCB}.Release|x64.Build.0 = Release|x64
		{B732133C-22F8-4033-A4D9-72BF69A2DBCB}.Release|x86.ActiveCfg = Release|x86
		{B732133C-22F8-4033-A4D9-72BF69A2DBCB}.Release|x86.Build.0 = Release|x86
		{721245BC-9A7D-48E0-A8BF-580D2661D5FA}.Debug|x64.ActiveCfg = Debug|x64
		{721245BC-9A7D-48E0-A8BF-580D2661D5FA}.Debug|x64.Build.0 = Debug|x64
		{721245BC-9A7D-48E0-A8BF-580D2661D5FA}.Debug|x86.ActiveCfg = Debug|x86
		{721245BC-9A7D-48E0-A8BF-580D2661D5FA}.Debug|x86.Build.0 = Debug|x86
		{721245BC-9A7D-48E0-A8BF-580D2661D5FA}.Release|x64.ActiveCfg = Release|x64
		{721245BC-9A7D-48E0-A8BF-580D2661D5FA}.Release|x64.Build.0 = Release|x64
		{721245BC-9A7D-48E0-A8BF-580D2661D5FA}.Release|x86.ActiveCfg = Release|x86
		{721245BC-9A7D-48E0-A8BF-580D2661D5FA}.Release|x86.Build.0 = Release|x86
		{7D7F91B9-688C-40CD-AAEF-EEBCE28BDC23}.Debug|x64.ActiveCfg = Debug|x64
		{7D7F91B9-688C-40CD-AAEF-EEBCE28BDC23}.Debug|x64.Build.0 = Debug|x64
		{7D7F91B9-688C-40CD-AAEF-EEBCE28BDC23}.Debug|x86.ActiveCfg = Debug|x86
		{7D7F91B9-688C-40CD-AAEF-EEBCE28BDC23}.Debug|x86.Build.0 = Debug|x86
		{7D7F91B9-688C-40CD-AAEF-EEBCE28BDC23}.Release|x64.ActiveCfg = Release|x64
		{7D7F91B9-688C-40CD-AAEF-EEBCE28BDC23}.Release|x64.Build.0 = Release|x64
		{7D7F91B9-688C-40CD-AAEF-EEBCE28BDC23}.Release|x86.ActiveCfg = Release|x86
		{7D7F91B9-688C-40CD-AAEF-EEBCE28BDC23}.Release|x86.Build.0 = Release|x86
		{47E251AE-A5EE-4526-BDC1-3C008936E80A}.Debug|x64.ActiveCfg = Debug|x64
		{47E251AE-A5EE-4526-BDC1-3C008936E80A}.Debug|x64.Build.0 = Debug|x64
		{47E251AE-A5EE-4526-BDC1-3C008936E80A}.Debug|x86.ActiveCfg = Debug|x86
		{47E251AE-A5EE-4526-BDC1-3C008936E80A}.Debug|x86.Build.0 = Debug|x86
		{47E251AE-A5EE-4526-BDC1-3C008936E80A}.Release|x64.ActiveCfg = Release|x64
		{47E251AE-A5EE-4526-BDC1-3C008936E80A}.Release|x64.Build.0 = Release|x64
		{47E251AE-A5EE-4526-BDC1-3C008936E80A}.Release|x86.ActiveCfg = Release|x86
		{47E251AE-A5EE-4526-BDC1-3C008936E80A}.Release|x86.Build.0 = Release|x86
		{AB44B619-0068-4DEE-BEDE-11F43E0A8960}.Debug|x64.ActiveCfg = Debug|x64
		{AB44B619-0068-4DEE-BEDE-11F43E0A8960}.Debug|x64.Build.0 = Debug|x64
		{AB44B619-0068-4DEE-BEDE-11F43E0A8960}.Debug|x86.ActiveCfg = Debug|x86
		{AB44B619-0068-4DEE-BEDE-11F43E0A8960}.Debug|x86.Build.0 = Debug|x86
		{AB44B619-0068-4DEE-BEDE-11F43E0A8960}.Release|x64.ActiveCfg = Release|x64
		{AB44B619-0068-4DEE-BEDE-11F43E0A8960}.Release|x64.Build.0 = Release|x64
		{AB44B619-0068-4DEE-BEDE-11F43E0A8960}.Release|x86.ActiveCfg = Release|x86
		{AB44B619-0068-4DEE-BEDE-11F43E0A8960}.Release|x86.Build.0 = Release|x86
		{3DC694F8-EE9E-4780-9EE8-A84941002609}.Debug|x64.ActiveCfg = Debug|x64
		{3DC694F8-EE9E-4780-9EE8-A84941002609}.Debug|x64.Build.0 = Debug|x64
		{3DC694F8-EE9E-4780-9EE8-A84941002609}.Debug|x86.ActiveCfg = Debug|x86
		{3DC694F8-EE9E-4780-9EE8-A84941002609}.Debug|x86.Build.0 = Debug|x86
		{3DC694F8-EE9E-4780-9EE8-A84941002609}.Release|x64.ActiveCfg = Release|x64
		{3DC694F8-EE9E-4780-9EE8-A84941002609}.Release|x64.Build.0 = Release|x64
		{3DC694F8-EE9E-4780-9EE8-A84941002609}.Release|x86.ActiveCfg = Release|x86
		{3DC694F8-EE9E-4780-9EE8-A84941002609}.Release|x86.Build.0 = Release|x86
		{6EA5D03E-BDE3-4F4D-B761-F0F380ECC078}.Debug|x64.ActiveCfg = Debug|x64
		{6EA5D03E-BDE3-4F4D-B761-F0F380ECC078}.Debug|x64.Build.0 = Debug|x64
		{6EA5D03E-BDE3-4F4D-B761-F0F380ECC078}.Debug|x86.ActiveCfg = Debug|x86
		{6EA5D03E-BDE3-4F4D-B761-F0F380ECC078}.Debug|x86.Build.0 = Debug|x86
		{6EA5D03E-BDE3-4F4D-B761-F0F380ECC078}.Release|x64.ActiveCfg = Release|x64
		{6EA5D03E-BDE3-4F4D-B761-F0F380ECC078}.Release|x64.Build.0 = Release|x64
		{6EA5D03E-BDE3-4F4D-B761-F0F380ECC078}.Release|x86.ActiveCfg = Release|x86
		{6EA5D03E-BDE3-4F4D-B761-F0F380ECC078}.Release|x86.Build.0 = Release|x86
		{24860783-A729-4A14-98C0-9A34BF138BDB}.Debug|x64.ActiveCfg = Debug|x64
		{24860783-A729-4A14-98C0-9A34BF138BDB}.Debug|x64.Build.0 = Debug|x64
		{24860783-A729-4A14-98C0-9A34BF138BDB}.Debug|x86.ActiveCfg = Debug|x86
		{24860783-A729-4A14-98C0-9A34BF138BDB}.Debug|x86.Build.0 = Debug|x86
		{24860783-A729-4A14-98C0-9A34BF138BDB}.Release|x64.ActiveCfg = Release|x64
		{24860783-A729-4A14-98C0-9A34BF138BDB}.Release|x64.Build.0 = Release|x64
		{24860783-A729-4A14-98C0-9A34BF138BDB}.Release|x86.ActiveCfg = Release|x86
		{24860783-A729-4A14-98C0-9A34BF138BDB}.Release|x86.Build.0 = Release|x86
		{F3767F23-ABC5-4A79-A077-193B0CB68947}.Debug|x64.ActiveCfg = Debug|x64
		{F3767F23-ABC5-4A79-A077-193B0CB68947}.Debug|x64.Build.0 = Debug|x64
		{F3767F23-ABC5-4A79-A077-193B0CB68947}.Debug|x86.ActiveCfg = Debug|x86
		{F3767F23-ABC5-4A79-A077-193B0CB68947}.Debug|x86.Build.0 = Debug|x86
		{F3767F23-ABC5-4A79-A077-193B0CB68947}.Release|x64.ActiveCfg = Release|x64
		{F3767F23-ABC5-4A79-A077-193B0CB68947}.Release|x64.Build.0 = Release|x64
		{F3767F23-ABC5-4A79-A077-193B0CB68947}.Release|x86.ActiveCfg = Release|x86
		{F3767F23-ABC5-4A79-A077-193B0CB68947}.Release|x86.Build.0 = Release|x86
		{6C003397-DCCF-43CF-B82D-7B50D4AD70FB}.Debug|x64.ActiveCfg = Debug|x64
		{6C003397-DCCF-43CF-B82D-7B50D4AD70FB}.Debug|x64.Build.0 = Debug|x64
		{6C003397-DCCF-43CF-B82D-7B50D4AD70FB}.Debug|x86.ActiveCfg = Debug|x86
		{6C003397-DCCF-43CF-B82D-7B50D4AD70FB}.Debug|x86.Build.0 = Debug|x86
		{6C003397-DCCF-43CF-B82D-7B50D4AD70FB}.Release|x64.ActiveCfg = Release|x64
		{6C003397-DCCF-43CF-B82D-7B50D4AD70FB}.Release|x64.Build.0 = Release|x64
		{6C003397-DCCF-43CF-B82D-7B50D4AD70FB}.Release|x86.ActiveCfg = Release|x86
		{6C003397-DCCF-43CF-B82D-7B50D4AD70FB}.Release|x86.Build.0 = Release|x86
		{9A7D0EE6-B032-4DAA-8CA4-B1FF43C734D3}.Debug|x64.ActiveCfg = Debug|x64
		{9A7D0EE6-B032-4DAA-8CA4-B1FF43C734D3}.Debug|x64.Build.0 = Debug|x64
		{9A7D0EE6-B032-4DAA-8CA4-B1FF43C734D3}.Debug|x86.ActiveCfg = Debug|x86
		{9A7D0EE6-B032-4DAA-8CA4-B1FF43C734D3}.Debug|x86.Build.0 = Debug|x86
		{9A7D0EE6-B032-4DAA-8CA4-B1FF43C734D3}.Release|x64.ActiveCfg = Release|x64
		{9A7D0EE6-B032-4DAA-8CA4-B1FF43C734D3}.Release|x64.Build.0 = Release|x64
		{9A7D0EE6-B032-4DAA-8CA4-B1FF43C734D3}.Release|x86.ActiveCfg = Release|x86
		{9A7D0EE6-B032-4DAA-8CA4-B1FF43C734D3}.Release|x86.Build.0 = Release|x86
		{914DE831-4DFA-44F6-96C1-27CF3B89A2CD}.Debug|x64.ActiveCfg = Debug|x64
		{914DE831-4DFA-44F6-96C1-27CF3B89A2CD}.Debug|x64.Build.0 = Debug|x64
		{914DE831-4DFA-44F6-96C1-27CF3B89A2CD}.Debug|x86.ActiveCfg = Debug|x86
		{914DE831-4DFA-44F6-96C1-27CF3B89A2CD}.Debug|x86.Build.0 = Debug|x86
		{914DE831-4DFA-44F6-96C1-27CF3B89A2CD}.Release|x64.ActiveCfg = Release|x64
		{914DE831-4DFA-44F6-96C1-27CF3B89A2CD}.Release|x64.Build.0 = Release|x64
		{914DE831-4DFA-44F6-96C1-27CF3B89A2CD}.Release|x86.ActiveCfg = Release|x86
		{914DE831-4DFA-44F6-96C1-27CF3B89A2CD}.Release|x86.Build.0 = Release|x86
		{2D43636B-0461-48A7-A2FF-318CA7F312C2}.Debug|x64.ActiveCfg = Debug|x64
		{2D43636B-0461-48A7-A2FF-318CA7F312C2}.Debug|x64.Build.0 = Debug|x64
		{2D43636B-0461-48A7-A2FF-318CA7F312C2}.Debug|x86.ActiveCfg = Debug|x86
		{2D43636B-0461-48A7-A2FF-318CA7F312C2}.Debug|x86.Build.0 = Debug|x86
		{2D43636B-0461-48A7-A2FF-318CA7F312C2}.Release|x64.ActiveCfg = Release|x64
		{2D43636B-0461-48A7-A2FF-318CA7F312C2}.Release|x64.Build.0 = Release|x64
		{2D43636B-0461-48A7-A2FF-318CA7F312C2}.Release|x86.ActiveCfg = Release|x86
		{2D43636B-0461-48A7-A2FF-318CA7F312C2}.Release|x86.Build.0 = Release|x86
		{495016FA-E339-4A45-9812-5C0F1DAE7143}.Debug|x64.ActiveCfg = Debug|x64
		{495016FA-E339-4A45-9812-5C0F1DAE7143}.Debug|x64.Build.0 = Debug|x64
		{495016FA-E339-4A45-9812-5C0F1DAE7143}.Debug|x86.ActiveCfg = Debug|x86
		{495016FA-E339-4A45-9812-5C0F1DAE7143}.Debug|x86.Build.0 = Debug|x86
		{495016FA-E339-4A45-9812-5C0F1DAE7143}.Release|x64.ActiveCfg = Release|x64
		{495016FA-E339-4A45-9812-5C0F1DAE7143}.Release|x64.Build.0 = Release|x64
		{495016FA-E339-4A45-9812-5C0F1DAE7143}.Release|x86.ActiveCfg = Release|x86
		{495016FA-E339-4A45-9812-5C0F1DAE7143}.Release|x86.Build.0 = Release|x86
		{B1725E81-AAC1-42FC-836D-E0A7CFEBB1E7}.Debug|x64.ActiveCfg = Debug|x64
		{B1725E81-AAC1-42FC-836D-E0A7CFEBB1E7}.Debug|x64.Build.0 = Debug|x64
		{B1725E81-AAC1-42FC-836D-E0A7CFEBB1E7}.Debug|x86.ActiveCfg = Debug|x86
		{B1725E81-AAC1-42FC-836D-E0A7CFEBB1E7}.Debug|x86.Build.0 = Debug|x86
		{B1725E81-AAC1-42FC-836D-E0A7CFEBB1E7}.Release|x64.ActiveCfg = Release|x64
		{B1725E81-AAC1-42FC-836D-E0A7CFEBB1E7}.Release|x64.Build.0 = Release|x64
		{B1725E81-AAC1-42FC-836D-E0A7CFEBB1E7}.Release|x86.ActiveCfg = Release|x86
		{B1725E81-AAC1-42FC-836D-E0A7CFEBB1E7}.Release|x86.Build.0 = Release|x86
		{14C82D03-0E76-403A-B8E8-1A1F4C232158}.Debug|x64.ActiveCfg = Debug|x64
		{14C82D03-0E76-403A-B8E8-1A1F4C232158}.Debug|x64.Build.0 = Debug|x64
		{14C82D03-0E76-403A-B8E8-1A1F4C232158}.Debug|x86.ActiveCfg = Debug|x86
		{14C82D03-0E76-403A-B8E8-1A1F4C232158}.Debug|x86.Build.0 = Debug|x86
		{14C82D03-0E76-403A-B8E8-1A1F4C232158}.Release|x64.ActiveCfg = Release|x64
		{14C82D03-0E76-403A-B8E8-1A1F4C232158}.Release|x64.Build.0 = Release|x64
		{14C82D03-0E76-403A-B8E8-1A1F4C232158}.Release|x86.ActiveCfg = Release|x86
		{14C82D03-0E76-403A-B8E8-1A1F4C232158}.Release|x86.Build.0 = Release|x86
		{768AE8ED-FA2A-413B-BB63-0934DA0750C7}.Debug|x64.ActiveCfg = Debug|x64
		{768AE8ED-FA2A-413B-BB63-0934DA0750C7}.Debug|x64.Build.0 = Debug|x64
		{768AE8ED-FA2A-413B-BB63-0934DA0750C7}.Debug|x86.ActiveCfg = Debug|x86
		{768AE8ED-FA2A-413B-BB63-0934DA0750C7}.Debug|x86.Build.0 = Debug|x86
		{768AE8ED-FA2A-413B-BB63-0934DA0750C7}.Release|x64.ActiveCfg = Release|x64
		{768AE8ED-FA2A-413B-BB63-0934DA0750C7}.Release|x64.Build.0 = Release|x64
		{768AE8ED-FA2A-413B-BB63-0934DA0750C7}.Release|x86.ActiveCfg = Release|x86
		{768AE8ED-FA2A-413B-BB63-0934DA0750C7}.Release|x86.Build.0 = Release|x86
		{3AEC3660-DB63-4B15-B5AB-510DF38D05A9}.Debug|x64.ActiveCfg = Debug|x64
		{3AEC3660-DB63-4B15-B5AB-510DF38D05A9}.Debug|x64.Build.0 = Debug|x64
		{3AEC3660-DB63-4B15-B5AB-510DF38D05A9}.Debug|x86.ActiveCfg = Debug|x86
		{3AEC3660-DB63-4B15-B5AB-510DF38D05A9}.Debug|x86.Build.0 = Debug|x86
		{3AEC3660-DB63-4B15-B5AB-510DF38D05A9}.Release|x64.ActiveCfg = Release|x64
		{3AEC3660-DB63-4B15-B5AB-510DF38D05A9}.Release|x64.Build.0 = Release|x64
		{3AEC3660-DB63-4B15-B5AB-510DF38D05A9}.Release|x86.ActiveCfg = Release|x86
		{3AEC3660-DB63-4B15-B5AB-510DF38D05A9}.Release|x86.Build.0 = Release|x86
		{A0E3E165-908F-4848-81DE-9CD1FCC05013}.Debug|x64.ActiveCfg = Debug|x64
		{A0E3E165-908F-4848-81DE-9CD1FCC05013}.Debug|x64.Build.0 = Debug|x64
		{A0E3E165-908F-4848-81DE-9CD1FCC05013}.Debug|x86.ActiveCfg = Debug|x86
		{A0E3E165-908F-4848-81DE-9CD1FCC05013}.Debug|x86.Build.0 = Debug|x86
		{A0E3E165-908F-4848-81DE-9CD1FCC05013}.Release|x64.ActiveCfg = Release|x64
		{A0E3E165-908F-4848-81DE-9CD1FCC05013}.Release|x64.Build.0 = Release|x64
		{A0E3E165-908F-4848-81DE-9CD1FCC05013}.Release|x86.ActiveCfg = Release|x86
		{A0E3E165-908F-4848-81DE-9CD1FCC05013}.Release|x86.Build.0 = Release|x86
		{E5C3F8BF-4CAD-4805-A968-A0B030F6833D}.Debug|x64.ActiveCfg = Debug|x64
		{E5C3F8BF-4CAD-4805-A968-A0B030F6833D}.Debug|x64.Build.0 = Debug|x64
		{E5C3F8BF-4CAD-4805-A968-A0B030F6833D}.Debug|x86.ActiveCfg = Debug|x86
		{E5C3F8BF-4CAD-4805-A968-A0B030F6833D}.Debug|x86.Build.0 = Debug|x86
		{E5C3F8BF-4CAD-4805-A968-A0B030F6833D}.Release|x64.ActiveCfg = Release|x64
		{E5C3F8BF-4CAD-4805-A968-A0B030F6833D}.Release|x64.Build.0 = Release|x64
		{E5C3F8BF-4CAD-4805-A968-A0B030F6833D}.Release|x86.ActiveCfg = Release|x86
		{E5C3F8BF-4CAD-4805-A968-A0B030F6833D}.Release|x86.Build.0 = Release|x86
		{0982FEC0-D7E3-4881-B44D-8FFF2AEBFAB7}.Debug|x64.ActiveCfg = Debug|x64
		{0982FEC0-D7E3-4881-B44D-8FFF2AEBFAB7}.Debug|x64.Build.0 = Debug|x64
		{0982FEC0-D7E3-4881-B44D-8FFF2AEBFAB7}.Debug|x86.ActiveCfg = Debug|x86
		{0982FEC0-D7E3-4881-B44D-8FFF2AEBFAB7}.Debug|x86.Build.0 = Debug|x86
		{0982FEC0-D7E3-4881-B44D-8FFF2AEBFAB7}.Release|x64.ActiveCfg = Release|x64
		{0982FEC0-D7E3-4881-B44D-8FFF2AEBFAB7}.Release|x64.Build.0 = Release|x64
		{0982FEC0-D7E3-4881-B44D-8FFF2AEBFAB7}.Release|x86.ActiveCfg = Release|x86
		{0982FEC0-D7E3-4881-B44D-8FFF2AEBFAB7}.Release|x86.Build.0 = Release|x86
		{A9D84192-A212-4EF1-BD69-39649E587A6F}.Debug|x64.ActiveCfg = Debug|x64
		{A9D84192-A212-4EF1-BD69-39649E587A6F}.Debug|x64.Build.0 = Debug|x64
		{A9D84192-A212-4EF1-BD69-39649E587A6F}.Debug|x86.ActiveCfg = Debug|x86
		{A9D84192-A212-4EF1-BD69-39649E587A6F}.Debug|x86.Build.0 = Debug|x86
		{A9D84192-A212-4EF1-BD69-39649E587A6F}.Release|x64.ActiveCfg = Release|x64
		{A9D84192-A212-4EF1-BD69-39649E587A6F}.Release|x64.Build.0 = Release|x64
		{A9D84192-A212-4EF1-BD69-39649E587A6F}.Release|x86.ActiveCfg = Release|x86
		{A9D84192-A212-4EF1-BD69-39649E587A6F}.Release|x86.Build.0 = Release|x86
	EndGlobalSection
	GlobalSection(SolutionProperties) = preSolution
		HideSolutionNode = FALSE
	EndGlobalSection
	GlobalSection(NestedProjects) = preSolution
		{B732133C-22F8-4033-A4D9-72BF69A2DBCB} = {759737B6-C443-4DC5-A7E3-82C260E2308C}
		{721245BC-9A7D-48E0-A8BF-580D2661D5FA} = {6481A456-A512-40C6-B7F5-3D65AB17DC73}
		{7D7F91B9-688C-40CD-AAEF-EEBCE28BDC23} = {1B622F38-CCE6-4E75-A763-D6DB1E272898}
		{47E251AE-A5EE-4526-BDC1-3C008936E80A} = {9D60106C-AA11-4B59-8701-8A11F77C7318}
		{AB44B619-0068-4DEE-BEDE-11F43E0A8960} = {759737B6-C443-4DC5-A7E3-82C260E2308C}
		{3DC694F8-EE9E-4780-9EE8-A84941002609} = {6481A456-A512-40C6-B7F5-3D65AB17DC73}
		{6EA5D03E-BDE3-4F4D-B761-F0F380ECC078} = {1B622F38-CCE6-4E75-A763-D6DB1E272898}
		{24860783-A729-4A14-98C0-9A34BF138BDB} = {9D60106C-AA11-4B59-8701-8A11F77C7318}
		{F3767F23-ABC5-4A79-A077-193B0CB68947} = {759737B6-C443-4DC5-A7E3-82C260E2308C}
		{6C003397-DCCF-43CF-B82D-7B50D4AD70FB} = {6481A456-A512-40C6-B7F5-3D65AB17DC73}
		{9A7D0EE6-B032-4DAA-8CA4-B1FF43C734D3} = {1B622F38-CCE6-4E75-A763-D6DB1E272898}
		{914DE831-4DFA-44F6-96C1-27CF3B89A2CD} = {9D60106C-AA11-4B59-8701-8A11F77C7318}
		{2D43636B-0461-48A7-A2FF-318CA7F312C2} = {6481A456-A512-40C6-B7F5-3D65AB17DC73}
		{495016FA-E339-4A45-9812-5C0F1DAE7143} = {1B622F38-CCE6-4E75-A763-D6DB1E272898}
		{B1725E81-AAC1-42FC-836D-E0A7CFEBB1E7} = {9D60106C-AA11-4B59-8701-8A11F77C7318}
		{D0DC7E23-DBCC-4168-8659-3E6C338ABCD8} = {6481A456-A512-40C6-B7F5-3D65AB17DC73}
		{14C82D03-0E76-403A-B8E8-1A1F4C232158} = {D0DC7E23-DBCC-4168-8659-3E6C338ABCD8}
		{F7A5F888-F2C1-4D08-8AAE-2247B7BD1FD6} = {759737B6-C443-4DC5-A7E3-82C260E2308C}
		{CD4405D4-08D2-4B0F-B7A5-D0A749B36FDB} = {1B622F38-CCE6-4E75-A763-D6DB1E272898}
		{9D849C82-BADB-4935-9FDB-695CF4C819BB} = {9D60106C-AA11-4B59-8701-8A11F77C7318}
		{768AE8ED-FA2A-413B-BB63-0934DA0750C7} = {F7A5F888-F2C1-4D08-8AAE-2247B7BD1FD6}
		{3AEC3660-DB63-4B15-B5AB-510DF38D05A9} = {CD4405D4-08D2-4B0F-B7A5-D0A749B36FDB}
		{A0E3E165-908F-4848-81DE-9CD1FCC05013} = {9D849C82-BADB-4935-9FDB-695CF4C819BB}
		{E5C3F8BF-4CAD-4805-A968-A0B030F6833D} = {D0DC7E23-DBCC-4168-8659-3E6C338ABCD8}
		{0982FEC0-D7E3-4881-B44D-8FFF2AEBFAB7} = {CD4405D4-08D2-4B0F-B7A5-D0A749B36FDB}
		{A9D84192-A212-4EF1-BD69-39649E587A6F} = {9D849C82-BADB-4935-9FDB-695CF4C819BB}
	EndGlobalSection
EndGlobal
