
Microsoft Visual Studio Solution File, Format Version 12.00
# Visual Studio 15
VisualStudioVersion = 15.0.26730.15
MinimumVisualStudioVersion = 10.0.40219.1
Project("{2150E333-8FDC-42A3-9474-1A3956D46DE8}") = ".Net 2.0", ".Net 2.0", "{759737B6-C443-4DC5-A7E3-82C260E2308C}"
EndProject
Project("{2150E333-8FDC-42A3-9474-1A3956D46DE8}") = ".Net 3.5", ".Net 3.5", "{6481A456-A512-40C6-B7F5-3D65AB17DC73}"
EndProject
Project("{2150E333-8FDC-42A3-9474-1A3956D46DE8}") = ".Net 4.0", ".Net 4.0", "{1B622F38-CCE6-4E75-A763-D6DB1E272898}"
EndProject
Project("{2150E333-8FDC-42A3-9474-1A3956D46DE8}") = ".Net 4.5", ".Net 4.5", "{9D60106C-AA11-4B59-8701-8A11F77C7318}"
EndProject
Project("{2150E333-8FDC-42A3-9474-1A3956D46DE8}") = "Samples", "Samples", "{D0DC7E23-DBCC-4168-8659-3E6C338ABCD8}"
EndProject
Project("{FAE04EC0-301F-11D3-BF4B-00C04F79EFBC}") = "Vlc.DotNet.Forms.Samples - CLR 2 - .Net 3.5", "Samples\Vlc.DotNet.Forms.Samples\Vlc.DotNet.Forms.Samples - CLR 2 - .Net 3.5.csproj", "{14C82D03-0E76-403A-B8E8-1A1F4C232158}"
EndProject
Project("{2150E333-8FDC-42A3-9474-1A3956D46DE8}") = "Samples", "Samples", "{F7A5F888-F2C1-4D08-8AAE-2247B7BD1FD6}"
EndProject
Project("{2150E333-8FDC-42A3-9474-1A3956D46DE8}") = "Samples", "Samples", "{CD4405D4-08D2-4B0F-B7A5-D0A749B36FDB}"
EndProject
Project("{2150E333-8FDC-42A3-9474-1A3956D46DE8}") = "Samples", "Samples", "{9D849C82-BADB-4935-9FDB-695CF4C819BB}"
EndProject
Project("{FAE04EC0-301F-11D3-BF4B-00C04F79EFBC}") = "Vlc.DotNet.Forms.Samples - CLR 2 - .Net 2.0", "Samples\Vlc.DotNet.Forms.Samples\Vlc.DotNet.Forms.Samples - CLR 2 - .Net 2.0.csproj", "{768AE8ED-FA2A-413B-BB63-0934DA0750C7}"
EndProject
Project("{FAE04EC0-301F-11D3-BF4B-00C04F79EFBC}") = "Vlc.DotNet.Forms.Samples - CLR 4 - .Net 4.0", "Samples\Vlc.DotNet.Forms.Samples\Vlc.DotNet.Forms.Samples - CLR 4 - .Net 4.0.csproj", "{3AEC3660-DB63-4B15-B5AB-510DF38D05A9}"
EndProject
Project("{FAE04EC0-301F-11D3-BF4B-00C04F79EFBC}") = "Vlc.DotNet.Forms.Samples - CLR 4 - .Net 4.5", "Samples\Vlc.DotNet.Forms.Samples\Vlc.DotNet.Forms.Samples - CLR 4 - .Net 4.5.csproj", "{A0E3E165-908F-4848-81DE-9CD1FCC05013}"
EndProject
Project("{FAE04EC0-301F-11D3-BF4B-00C04F79EFBC}") = "Vlc.DotNet.Wpf.Samples - CLR 2 - .Net 3.5", "Samples\Vlc.DotNet.Wpf.Samples\Vlc.DotNet.Wpf.Samples - CLR 2 - .Net 3.5.csproj", "{E5C3F8BF-4CAD-4805-A968-A0B030F6833D}"
EndProject
Project("{FAE04EC0-301F-11D3-BF4B-00C04F79EFBC}") = "Vlc.DotNet.Wpf.Samples - CLR 4 - .Net 4.0", "Samples\Vlc.DotNet.Wpf.Samples\Vlc.DotNet.Wpf.Samples - CLR 4 - .Net 4.0.csproj", "{0982FEC0-D7E3-4881-B44D-8FFF2AEBFAB7}"
EndProject
Project("{FAE04EC0-301F-11D3-BF4B-00C04F79EFBC}") = "Vlc.DotNet.Wpf.Samples - CLR 4 - .Net 4.5", "Samples\Vlc.DotNet.Wpf.Samples\Vlc.DotNet.Wpf.Samples - CLR 4 - .Net 4.5.csproj", "{A9D84192-A212-4EF1-BD69-39649E587A6F}"
EndProject
Project("{9A19103F-16F7-4668-BE54-9A1E7A4F7556}") = "Vlc.DotNet.Core.Interops", "Vlc.DotNet.Core.Interops\Vlc.DotNet.Core.Interops.csproj", "{DCF701C3-6635-4B9F-A90F-5D71B5BCE0C7}"
EndProject
Project("{9A19103F-16F7-4668-BE54-9A1E7A4F7556}") = "Vlc.DotNet.Core", "Vlc.DotNet.Core\Vlc.DotNet.Core.csproj", "{77E6622A-CE25-4571-A913-9C647F63477B}"
EndProject
Project("{9A19103F-16F7-4668-BE54-9A1E7A4F7556}") = "Vlc.DotNet.Forms", "Vlc.DotNet.Forms\Vlc.DotNet.Forms.csproj", "{04DE974C-BB77-45B3-889C-03640CFFB91C}"
EndProject
Project("{9A19103F-16F7-4668-BE54-9A1E7A4F7556}") = "Vlc.DotNet.Wpf", "Vlc.DotNet.Wpf\Vlc.DotNet.Wpf.csproj", "{9A066A54-318B-45C8-B3A3-2292D9DF4A33}"
EndProject
Global
	GlobalSection(SolutionConfigurationPlatforms) = preSolution
		Debug|AnyCPU = Debug|AnyCPU
		Release|AnyCPU = Release|AnyCPU
	EndGlobalSection
	GlobalSection(ProjectConfigurationPlatforms) = postSolution
		{14C82D03-0E76-403A-B8E8-1A1F4C232158}.Debug|AnyCPU.ActiveCfg = Debug|Any CPU
		{14C82D03-0E76-403A-B8E8-1A1F4C232158}.Debug|AnyCPU.Build.0 = Debug|Any CPU
		{14C82D03-0E76-403A-B8E8-1A1F4C232158}.Release|AnyCPU.ActiveCfg = Release|Any CPU
		{14C82D03-0E76-403A-B8E8-1A1F4C232158}.Release|AnyCPU.Build.0 = Release|Any CPU
		{768AE8ED-FA2A-413B-BB63-0934DA0750C7}.Debug|AnyCPU.ActiveCfg = Debug|Any CPU
		{768AE8ED-FA2A-413B-BB63-0934DA0750C7}.Debug|AnyCPU.Build.0 = Debug|Any CPU
		{768AE8ED-FA2A-413B-BB63-0934DA0750C7}.Release|AnyCPU.ActiveCfg = Release|Any CPU
		{768AE8ED-FA2A-413B-BB63-0934DA0750C7}.Release|AnyCPU.Build.0 = Release|Any CPU
		{3AEC3660-DB63-4B15-B5AB-510DF38D05A9}.Debug|AnyCPU.ActiveCfg = Debug|Any CPU
		{3AEC3660-DB63-4B15-B5AB-510DF38D05A9}.Debug|AnyCPU.Build.0 = Debug|Any CPU
		{3AEC3660-DB63-4B15-B5AB-510DF38D05A9}.Release|AnyCPU.ActiveCfg = Release|Any CPU
		{3AEC3660-DB63-4B15-B5AB-510DF38D05A9}.Release|AnyCPU.Build.0 = Release|Any CPU
		{A0E3E165-908F-4848-81DE-9CD1FCC05013}.Debug|AnyCPU.ActiveCfg = Debug|Any CPU
		{A0E3E165-908F-4848-81DE-9CD1FCC05013}.Debug|AnyCPU.Build.0 = Debug|Any CPU
		{A0E3E165-908F-4848-81DE-9CD1FCC05013}.Release|AnyCPU.ActiveCfg = Release|Any CPU
		{A0E3E165-908F-4848-81DE-9CD1FCC05013}.Release|AnyCPU.Build.0 = Release|Any CPU
		{E5C3F8BF-4CAD-4805-A968-A0B030F6833D}.Debug|AnyCPU.ActiveCfg = Debug|Any CPU
		{E5C3F8BF-4CAD-4805-A968-A0B030F6833D}.Debug|AnyCPU.Build.0 = Debug|Any CPU
		{E5C3F8BF-4CAD-4805-A968-A0B030F6833D}.Release|AnyCPU.ActiveCfg = Release|Any CPU
		{E5C3F8BF-4CAD-4805-A968-A0B030F6833D}.Release|AnyCPU.Build.0 = Release|Any CPU
		{0982FEC0-D7E3-4881-B44D-8FFF2AEBFAB7}.Debug|AnyCPU.ActiveCfg = Debug|Any CPU
		{0982FEC0-D7E3-4881-B44D-8FFF2AEBFAB7}.Debug|AnyCPU.Build.0 = Debug|Any CPU
		{0982FEC0-D7E3-4881-B44D-8FFF2AEBFAB7}.Release|AnyCPU.ActiveCfg = Release|Any CPU
		{0982FEC0-D7E3-4881-B44D-8FFF2AEBFAB7}.Release|AnyCPU.Build.0 = Release|Any CPU
		{A9D84192-A212-4EF1-BD69-39649E587A6F}.Debug|AnyCPU.ActiveCfg = Debug|Any CPU
		{A9D84192-A212-4EF1-BD69-39649E587A6F}.Debug|AnyCPU.Build.0 = Debug|Any CPU
		{A9D84192-A212-4EF1-BD69-39649E587A6F}.Release|AnyCPU.ActiveCfg = Release|Any CPU
		{A9D84192-A212-4EF1-BD69-39649E587A6F}.Release|AnyCPU.Build.0 = Release|Any CPU
		{DCF701C3-6635-4B9F-A90F-5D71B5BCE0C7}.Debug|AnyCPU.ActiveCfg = Debug|Any CPU
		{DCF701C3-6635-4B9F-A90F-5D71B5BCE0C7}.Debug|AnyCPU.Build.0 = Debug|Any CPU
		{DCF701C3-6635-4B9F-A90F-5D71B5BCE0C7}.Release|AnyCPU.ActiveCfg = Release|Any CPU
		{DCF701C3-6635-4B9F-A90F-5D71B5BCE0C7}.Release|AnyCPU.Build.0 = Release|Any CPU
		{77E6622A-CE25-4571-A913-9C647F63477B}.Debug|AnyCPU.ActiveCfg = Debug|Any CPU
		{77E6622A-CE25-4571-A913-9C647F63477B}.Debug|AnyCPU.Build.0 = Debug|Any CPU
		{77E6622A-CE25-4571-A913-9C647F63477B}.Release|AnyCPU.ActiveCfg = Release|Any CPU
		{77E6622A-CE25-4571-A913-9C647F63477B}.Release|AnyCPU.Build.0 = Release|Any CPU
		{04DE974C-BB77-45B3-889C-03640CFFB91C}.Debug|AnyCPU.ActiveCfg = Debug|Any CPU
		{04DE974C-BB77-45B3-889C-03640CFFB91C}.Debug|AnyCPU.Build.0 = Debug|Any CPU
		{04DE974C-BB77-45B3-889C-03640CFFB91C}.Release|AnyCPU.ActiveCfg = Release|Any CPU
		{04DE974C-BB77-45B3-889C-03640CFFB91C}.Release|AnyCPU.Build.0 = Release|Any CPU
		{9A066A54-318B-45C8-B3A3-2292D9DF4A33}.Debug|AnyCPU.ActiveCfg = Debug|Any CPU
		{9A066A54-318B-45C8-B3A3-2292D9DF4A33}.Debug|AnyCPU.Build.0 = Debug|Any CPU
		{9A066A54-318B-45C8-B3A3-2292D9DF4A33}.Release|AnyCPU.ActiveCfg = Release|Any CPU
		{9A066A54-318B-45C8-B3A3-2292D9DF4A33}.Release|AnyCPU.Build.0 = Release|Any CPU
	EndGlobalSection
	GlobalSection(SolutionProperties) = preSolution
		HideSolutionNode = FALSE
	EndGlobalSection
	GlobalSection(NestedProjects) = preSolution
		{D0DC7E23-DBCC-4168-8659-3E6C338ABCD8} = {6481A456-A512-40C6-B7F5-3D65AB17DC73}
		{14C82D03-0E76-403A-B8E8-1A1F4C232158} = {D0DC7E23-DBCC-4168-8659-3E6C338ABCD8}
		{F7A5F888-F2C1-4D08-8AAE-2247B7BD1FD6} = {759737B6-C443-4DC5-A7E3-82C260E2308C}
		{CD4405D4-08D2-4B0F-B7A5-D0A749B36FDB} = {1B622F38-CCE6-4E75-A763-D6DB1E272898}
		{9D849C82-BADB-4935-9FDB-695CF4C819BB} = {9D60106C-AA11-4B59-8701-8A11F77C7318}
		{768AE8ED-FA2A-413B-BB63-0934DA0750C7} = {F7A5F888-F2C1-4D08-8AAE-2247B7BD1FD6}
		{3AEC3660-DB63-4B15-B5AB-510DF38D05A9} = {CD4405D4-08D2-4B0F-B7A5-D0A749B36FDB}
		{A0E3E165-908F-4848-81DE-9CD1FCC05013} = {9D849C82-BADB-4935-9FDB-695CF4C819BB}
		{E5C3F8BF-4CAD-4805-A968-A0B030F6833D} = {D0DC7E23-DBCC-4168-8659-3E6C338ABCD8}
		{0982FEC0-D7E3-4881-B44D-8FFF2AEBFAB7} = {CD4405D4-08D2-4B0F-B7A5-D0A749B36FDB}
		{A9D84192-A212-4EF1-BD69-39649E587A6F} = {9D849C82-BADB-4935-9FDB-695CF4C819BB}
	EndGlobalSection
	GlobalSection(ExtensibilityGlobals) = postSolution
		SolutionGuid = {8200848B-5F8D-4A79-B989-3A667BE003E0}
	EndGlobalSection
EndGlobal
